{
  "name": "oxidized-web",
  "version": "1.0.0",
  "lockfileVersion": 3,
  "requires": true,
  "packages": {
    "": {
      "name": "oxidized-web",
      "version": "1.0.0",
      "license": "Apache 2.0",
      "dependencies": {
        "bootstrap": "^5.3.3",
        "bootstrap-icons": "^1.11.3",
        "datatables.net-bs5": "^2.2.1",
        "datatables.net-buttons-bs5": "^3.0.2",
        "jquery": "^3.7.1"
      }
    },
    "node_modules/@popperjs/core": {
      "version": "2.11.8",
      "resolved": "https://registry.npmjs.org/@popperjs/core/-/core-2.11.8.tgz",
      "integrity": "sha512-P1st0aksCrn9sGZhp8GMYwBnQsbvAWsZAX44oXNNvLHGqAOcoVxmjZiohstwQ7SqKnbR47akdNi+uleWD8+g6A==",
      "peer": true,
      "funding": {
        "type": "opencollective",
        "url": "https://opencollective.com/popperjs"
      }
    },
    "node_modules/bootstrap": {
      "version": "5.3.3",
      "resolved": "https://registry.npmjs.org/bootstrap/-/bootstrap-5.3.3.tgz",
      "integrity": "sha512-8HLCdWgyoMguSO9o+aH+iuZ+aht+mzW0u3HIMzVu7Srrpv7EBBxTnrFlSCskwdY1+EOFQSm7uMJhNQHkdPcmjg==",
      "funding": [
        {
          "type": "github",
          "url": "https://github.com/sponsors/twbs"
        },
        {
          "type": "opencollective",
          "url": "https://opencollective.com/bootstrap"
        }
      ],
      "peerDependencies": {
        "@popperjs/core": "^2.11.8"
      }
    },
    "node_modules/bootstrap-icons": {
      "version": "1.11.3",
      "resolved": "https://registry.npmjs.org/bootstrap-icons/-/bootstrap-icons-1.11.3.tgz",
      "integrity": "sha512-+3lpHrCw/it2/7lBL15VR0HEumaBss0+f/Lb6ZvHISn1mlK83jjFpooTLsMWbIjJMDjDjOExMsTxnXSIT4k4ww==",
      "funding": [
        {
          "type": "github",
          "url": "https://github.com/sponsors/twbs"
        },
        {
          "type": "opencollective",
          "url": "https://opencollective.com/bootstrap"
        }
      ]
    },
    "node_modules/datatables.net": {
      "version": "2.2.1",
      "resolved": "https://registry.npmjs.org/datatables.net/-/datatables.net-2.2.1.tgz",
      "integrity": "sha512-Hz7f+a77xGdroAzej88aobT5nkQIJ2Oy1JI7yh2cl0QAXQSJDXOKkOLknu+nphVP8CP8w9MtLCmwMst/F8niiQ==",
      "dependencies": {
        "jquery": ">=1.7"
      }
    },
    "node_modules/datatables.net-bs5": {
      "version": "2.2.1",
      "resolved": "https://registry.npmjs.org/datatables.net-bs5/-/datatables.net-bs5-2.2.1.tgz",
      "integrity": "sha512-/Z2XUnYh5/bUXDAAi/sHhugAsRiRPHLKwBFM2VEwNA8+gNo7M1eJht9g4gnT0x1w+PGy/obQnN+s8Dt6nXbbog==",
      "dependencies": {
        "datatables.net": "2.2.1",
        "jquery": ">=1.7"
      }
    },
    "node_modules/datatables.net-buttons": {
      "version": "3.0.2",
      "resolved": "https://registry.npmjs.org/datatables.net-buttons/-/datatables.net-buttons-3.0.2.tgz",
      "integrity": "sha512-J+vk4hLtTivnl+RxzpKPE7CG4ggdgHPQcHnpqViy9w6ia18Uh69dQktX6NJ87QrqNPCTMUyHDzUzsRFURG4/Fw==",
      "dependencies": {
        "datatables.net": "^2",
        "jquery": ">=1.7"
      }
    },
    "node_modules/datatables.net-buttons-bs5": {
      "version": "3.0.2",
      "resolved": "https://registry.npmjs.org/datatables.net-buttons-bs5/-/datatables.net-buttons-bs5-3.0.2.tgz",
      "integrity": "sha512-whufHsfKgzzdmTqM7JnFUph5hveHTCAvs9N0CP+5t7k7sIr7b94rIxv22/2Wt4veLcd3v73NdhPWl4j/GfzyhA==",
      "dependencies": {
        "datatables.net-bs5": "^2",
        "datatables.net-buttons": "3.0.2",
        "jquery": ">=1.7"
      }
    },
    "node_modules/jquery": {
      "version": "3.7.1",
      "resolved": "https://registry.npmjs.org/jquery/-/jquery-3.7.1.tgz",
      "integrity": "sha512-m4avr8yL8kmFN8psrbFFFmB/If14iN5o9nw/NgnnM+kybDJpRsAynV2BsfpTYrTRysYUdADVD7CkUUizgkpLfg=="
    }
  }
}
