{
  "name": "oxidized-web",
  "version": "1.0.0",
  "lockfileVersion": 3,
  "requires": true,
  "packages": {
    "": {
      "name": "oxidized-web",
      "version": "1.0.0",
      "license": "Apache 2.0",
      "dependencies": {
        "bootstrap": "~5.3.3",
        "bootstrap-icons": "~1.13.1",
        "datatables.net-bs5": "~2.3.2",
        "datatables.net-buttons-bs5": "~3.2.4",
        "dayjs": "~1.11.15",
        "dayjs-plugin-utc": "~0.1.2",
        "jquery": "~3.7.1"
      }
    },
    "node_modules/@popperjs/core": {
      "version": "2.11.8",
      "resolved": "https://registry.npmjs.org/@popperjs/core/-/core-2.11.8.tgz",
      "integrity": "sha512-P1st0aksCrn9sGZhp8GMYwBnQsbvAWsZAX44oXNNvLHGqAOcoVxmjZiohstwQ7SqKnbR47akdNi+uleWD8+g6A==",
      "peer": true,
      "funding": {
        "type": "opencollective",
        "url": "https://opencollective.com/popperjs"
      }
    },
    "node_modules/bootstrap": {
      "version": "5.3.7",
      "resolved": "https://registry.npmjs.org/bootstrap/-/bootstrap-5.3.7.tgz",
      "integrity": "sha512-7KgiD8UHjfcPBHEpDNg+zGz8L3LqR3GVwqZiBRFX04a1BCArZOz1r2kjly2HQ0WokqTO0v1nF+QAt8dsW4lKlw==",
      "funding": [
        {
          "type": "github",
          "url": "https://github.com/sponsors/twbs"
        },
        {
          "type": "opencollective",
          "url": "https://opencollective.com/bootstrap"
        }
      ],
      "peerDependencies": {
        "@popperjs/core": "^2.11.8"
      }
    },
    "node_modules/bootstrap-icons": {
      "version": "1.13.1",
      "resolved": "https://registry.npmjs.org/bootstrap-icons/-/bootstrap-icons-1.13.1.tgz",
      "integrity": "sha512-ijombt4v6bv5CLeXvRWKy7CuM3TRTuPEuGaGKvTV5cz65rQSY8RQ2JcHt6b90cBBAC7s8fsf2EkQDldzCoXUjw==",
      "funding": [
        {
          "type": "github",
          "url": "https://github.com/sponsors/twbs"
        },
        {
          "type": "opencollective",
          "url": "https://opencollective.com/bootstrap"
        }
      ]
    },
    "node_modules/datatables.net": {
      "version": "2.3.2",
      "resolved": "https://registry.npmjs.org/datatables.net/-/datatables.net-2.3.2.tgz",
      "integrity": "sha512-31TzwIQM0+pr2ZOEOEH6dsHd/WSAl5GDDGPezOHPI3mM2NK4lcDyOoG8xXeWmSbVfbi852LNK5C84fpp4Q+qxg==",
      "dependencies": {
        "jquery": ">=1.7"
      }
    },
    "node_modules/datatables.net-bs5": {
      "version": "2.3.2",
      "resolved": "https://registry.npmjs.org/datatables.net-bs5/-/datatables.net-bs5-2.3.2.tgz",
      "integrity": "sha512-1rh0ZTLoiziIQ4oAtgr+IOYVgJfAIceDnbDe535u8kv191pBAdTrKF6ovQO98Xy9mDXLdLNB7QCrLiV/sgPoQw==",
      "dependencies": {
        "datatables.net": "2.3.2",
        "jquery": ">=1.7"
      }
    },
    "node_modules/datatables.net-buttons": {
      "version": "3.2.4",
      "resolved": "https://registry.npmjs.org/datatables.net-buttons/-/datatables.net-buttons-3.2.4.tgz",
      "integrity": "sha512-anA39/R0kpHA2DOwqEHy/ZMXD5vf4tWmyNO0BnO0kJG7AFNvGTUCWBnBifXYg3G64U6JYpYY+MuTFKIB1/ZMTQ==",
      "dependencies": {
        "datatables.net": "^2",
        "jquery": ">=1.7"
      }
    },
    "node_modules/datatables.net-buttons-bs5": {
      "version": "3.2.4",
      "resolved": "https://registry.npmjs.org/datatables.net-buttons-bs5/-/datatables.net-buttons-bs5-3.2.4.tgz",
      "integrity": "sha512-yX8Ia32P1D9L02XWjisA6a9fFp0LgmzpIcvf/4ty+QG5/qj1tOOqWgsXsxxIY2Uj918WmLJS6VaJabRAMoAqHA==",
      "dependencies": {
        "datatables.net-bs5": "^2",
        "datatables.net-buttons": "3.2.4",
        "jquery": ">=1.7"
      }
    },
    "node_modules/dayjs": {
      "version": "1.11.15",
      "resolved": "https://registry.npmjs.org/dayjs/-/dayjs-1.11.15.tgz",
      "integrity": "sha512-MC+DfnSWiM9APs7fpiurHGCoeIx0Gdl6QZBy+5lu8MbYKN5FZEXqOgrundfibdfhGZ15o9hzmZ2xJjZnbvgKXQ==",
      "license": "MIT"
    },
    "node_modules/dayjs-plugin-utc": {
      "version": "0.1.2",
      "resolved": "https://registry.npmjs.org/dayjs-plugin-utc/-/dayjs-plugin-utc-0.1.2.tgz",
      "integrity": "sha512-ExERH5o3oo6jFOdkvMP3gytTCQ9Ksi5PtylclJWghr7k7m3o2U5QrwtdiJkOxLOH4ghr0EKhpqGefzGz1VvVJg=="
    },
    "node_modules/jquery": {
      "version": "3.7.1",
      "resolved": "https://registry.npmjs.org/jquery/-/jquery-3.7.1.tgz",
      "integrity": "sha512-m4avr8yL8kmFN8psrbFFFmB/If14iN5o9nw/NgnnM+kybDJpRsAynV2BsfpTYrTRysYUdADVD7CkUUizgkpLfg=="
    }
  }
}
